
Microsoft Visual Studio Solution File, Format Version 12.00
# Visual Studio Version 17
VisualStudioVersion = 17.14.36518.9 d17.14
MinimumVisualStudioVersion = 10.0.40219.1
Project("{FAE04EC0-301F-11D3-BF4B-00C04F79EFBC}") = "24520168_24520197_24520287", "24520168_24520197_24520287\24520168_24520197_24520287.csproj", "{1F7016D1-0FE8-4F7A-91B5-8AEB995C55BE}"
EndProject
Global
	GlobalSection(SolutionConfigurationPlatforms) = preSolution
		Debug|Any CPU = Debug|Any CPU
		Release|Any CPU = Release|Any CPU
	EndGlobalSection
	GlobalSection(ProjectConfigurationPlatforms) = postSolution
		{1F7016D1-0FE8-4F7A-91B5-8AEB995C55BE}.Debug|Any CPU.ActiveCfg = Debug|Any CPU
		{1F7016D1-0FE8-4F7A-91B5-8AEB995C55BE}.Debug|Any CPU.Build.0 = Debug|Any CPU
		{1F7016D1-0FE8-4F7A-91B5-8AEB995C55BE}.Release|Any CPU.ActiveCfg = Release|Any CPU
		{1F7016D1-0FE8-4F7A-91B5-8AEB995C55BE}.Release|Any CPU.Build.0 = Release|Any CPU
	EndGlobalSection
	GlobalSection(SolutionProperties) = preSolution
		HideSolutionNode = FALSE
	EndGlobalSection
	GlobalSection(ExtensibilityGlobals) = postSolution
		SolutionGuid = {E5815681-6144-495F-83E4-05DC23F177B9}
	EndGlobalSection
EndGlobal
